github.com/badoux/checkmail v0.0.0-20181210160741-9661bd69e9ad h1:kXfVkP8xPSJXzicomzjECcw6tv1Wl9h1lNenWBfNKdg=
github.com/badoux/checkmail v0.0.0-20181210160741-9661bd69e9ad/go.mod h1:r5ZalvRl3tXevRNJkwIB6DC4DD3DMjIlY9NEU1XGoaQ=
github.com/imroc/req v0.3.0 h1:3EioagmlSG+z+KySToa+Ylo3pTFZs+jh3Brl7ngU12U=
github.com/imroc/req v0.3.0/go.mod h1:F+NZ+2EFSo6EFXdeIbpfE9hcC233id70kf0byW97Caw=
